dependencies:
- name: postgresql
  repository: file://../subcharts/postgresql
  version: 3.9.1
- name: neo4j
  repository: file://../subcharts/neo4j
  version: 0.10.0
- name: elasticsearch
  repository: file://../subcharts/elasticsearch
  version: 1.17.0
digest: sha256:3927cee42bccdd7bd08fe9464614ecdbec81c4023773ad5835eac82612be1b56
generated: 2019-01-28T17:04:21.565765+01:00
